# This file is automatically @generated by Cargo.
# It is not intended for manual editing.
version = 4

[[package]]
name = "chess-engine"
version = "0.1.0"
source = "git+https://github.com/BarkerProoks/chess-engine.git#adcc6f625a7c30ffd49ef96937b8f13a21e7d0c3"

[[package]]
name = "chess-server"
version = "0.1.0"
dependencies = [
 "chess-engine",
]
