# This file is automatically @generated by Cargo.
# It is not intended for manual editing.
version = 4

[[package]]
name = "chess-engine"
version = "0.1.0"
source = "git+https://github.com/BarkerProoks/chess-engine.git#ab5b6a6c9d9d8841f37c2e95529931cf3bbfa9cd"

[[package]]
name = "chess-server"
version = "0.1.0"
dependencies = [
 "chess-engine",
]
